
Microsoft Visual Studio Solution File, Format Version 12.00
# Visual Studio Version 17
VisualStudioVersion = 17.14.36623.8 d17.14
MinimumVisualStudioVersion = 10.0.40219.1
Project("{FAE04EC0-301F-11D3-BF4B-00C04F79EFBC}") = "CustomerJobRunner", "CustomerJobRunner\CustomerJobRunner.csproj", "{95FEB2A7-32EF-484D-B8E1-612DA693B830}"
EndProject
Global
	GlobalSection(SolutionConfigurationPlatforms) = preSolution
		Debug|Any CPU = Debug|Any CPU
		Release|Any CPU = Release|Any CPU
	EndGlobalSection
	GlobalSection(ProjectConfigurationPlatforms) = postSolution
		{95FEB2A7-32EF-484D-B8E1-612DA693B830}.Debug|Any CPU.ActiveCfg = Debug|Any CPU
		{95FEB2A7-32EF-484D-B8E1-612DA693B830}.Debug|Any CPU.Build.0 = Debug|Any CPU
		{95FEB2A7-32EF-484D-B8E1-612DA693B830}.Release|Any CPU.ActiveCfg = Release|Any CPU
		{95FEB2A7-32EF-484D-B8E1-612DA693B830}.Release|Any CPU.Build.0 = Release|Any CPU
	EndGlobalSection
	GlobalSection(SolutionProperties) = preSolution
		HideSolutionNode = FALSE
	EndGlobalSection
	GlobalSection(ExtensibilityGlobals) = postSolution
		SolutionGuid = {FBC8F1BC-93FC-42AE-B4FA-57D95DD5995D}
	EndGlobalSection
EndGlobal
